
Microsoft Visual Studio Solution File, Format Version 12.00
# Visual Studio Version 17
VisualStudioVersion = 17.7.34221.43
MinimumVisualStudioVersion = 10.0.40219.1
Project("{FAE04EC0-301F-11D3-BF4B-00C04F79EFBC}") = "lb12-13", "lb12-13\lb12-13.csproj", "{3E4FA708-19C8-4535-B63B-50408133924E}"
EndProject
Global
	GlobalSection(SolutionConfigurationPlatforms) = preSolution
		Debug|Any CPU = Debug|Any CPU
		Release|Any CPU = Release|Any CPU
	EndGlobalSection
	GlobalSection(ProjectConfigurationPlatforms) = postSolution
		{3E4FA708-19C8-4535-B63B-50408133924E}.Debug|Any CPU.ActiveCfg = Debug|Any CPU
		{3E4FA708-19C8-4535-B63B-50408133924E}.Debug|Any CPU.Build.0 = Debug|Any CPU
		{3E4FA708-19C8-4535-B63B-50408133924E}.Release|Any CPU.ActiveCfg = Release|Any CPU
		{3E4FA708-19C8-4535-B63B-50408133924E}.Release|Any CPU.Build.0 = Release|Any CPU
	EndGlobalSection
	GlobalSection(SolutionProperties) = preSolution
		HideSolutionNode = FALSE
	EndGlobalSection
	GlobalSection(ExtensibilityGlobals) = postSolution
		SolutionGuid = {29CA8702-0CBD-4F47-B3A8-878E71E9603B}
	EndGlobalSection
EndGlobal
